
Microsoft Visual Studio Solution File, Format Version 12.00
# Visual Studio Version 17
VisualStudioVersion = 17.1.32414.318
MinimumVisualStudioVersion = 10.0.40219.1
Project("{FAE04EC0-301F-11D3-BF4B-00C04F79EFBC}") = "Api", "Api\Api.csproj", "{38E76E00-264B-4A87-ABBB-8F69F00F53FA}"
EndProject
Project("{FAE04EC0-301F-11D3-BF4B-00C04F79EFBC}") = "DomainLayer", "DomainLayer\DomainLayer.csproj", "{5CF4FA82-6A73-4507-A5E4-9D24E9F8AEEC}"
EndProject
Project("{FAE04EC0-301F-11D3-BF4B-00C04F79EFBC}") = "ServiceLayer", "ServiceLayer\ServiceLayer.csproj", "{D5DFBF22-F588-4B65-A1B3-783F17DAC743}"
EndProject
Project("{FAE04EC0-301F-11D3-BF4B-00C04F79EFBC}") = "RepositoryLayer", "RepositoryLayer\RepositoryLayer.csproj", "{A88221C9-2B25-43A8-85BB-ED7F73230F7B}"
EndProject
Global
	GlobalSection(SolutionConfigurationPlatforms) = preSolution
		Debug|Any CPU = Debug|Any CPU
		Release|Any CPU = Release|Any CPU
	EndGlobalSection
	GlobalSection(ProjectConfigurationPlatforms) = postSolution
		{38E76E00-264B-4A87-ABBB-8F69F00F53FA}.Debug|Any CPU.ActiveCfg = Debug|Any CPU
		{38E76E00-264B-4A87-ABBB-8F69F00F53FA}.Debug|Any CPU.Build.0 = Debug|Any CPU
		{38E76E00-264B-4A87-ABBB-8F69F00F53FA}.Release|Any CPU.ActiveCfg = Release|Any CPU
		{38E76E00-264B-4A87-ABBB-8F69F00F53FA}.Release|Any CPU.Build.0 = Release|Any CPU
		{5CF4FA82-6A73-4507-A5E4-9D24E9F8AEEC}.Debug|Any CPU.ActiveCfg = Debug|Any CPU
		{5CF4FA82-6A73-4507-A5E4-9D24E9F8AEEC}.Debug|Any CPU.Build.0 = Debug|Any CPU
		{5CF4FA82-6A73-4507-A5E4-9D24E9F8AEEC}.Release|Any CPU.ActiveCfg = Release|Any CPU
		{5CF4FA82-6A73-4507-A5E4-9D24E9F8AEEC}.Release|Any CPU.Build.0 = Release|Any CPU
		{D5DFBF22-F588-4B65-A1B3-783F17DAC743}.Debug|Any CPU.ActiveCfg = Debug|Any CPU
		{D5DFBF22-F588-4B65-A1B3-783F17DAC743}.Debug|Any CPU.Build.0 = Debug|Any CPU
		{D5DFBF22-F588-4B65-A1B3-783F17DAC743}.Release|Any CPU.ActiveCfg = Release|Any CPU
		{D5DFBF22-F588-4B65-A1B3-783F17DAC743}.Release|Any CPU.Build.0 = Release|Any CPU
		{A88221C9-2B25-43A8-85BB-ED7F73230F7B}.Debug|Any CPU.ActiveCfg = Debug|Any CPU
		{A88221C9-2B25-43A8-85BB-ED7F73230F7B}.Debug|Any CPU.Build.0 = Debug|Any CPU
		{A88221C9-2B25-43A8-85BB-ED7F73230F7B}.Release|Any CPU.ActiveCfg = Release|Any CPU
		{A88221C9-2B25-43A8-85BB-ED7F73230F7B}.Release|Any CPU.Build.0 = Release|Any CPU
	EndGlobalSection
	GlobalSection(SolutionProperties) = preSolution
		HideSolutionNode = FALSE
	EndGlobalSection
	GlobalSection(ExtensibilityGlobals) = postSolution
		SolutionGuid = {C6285711-A6AA-4AA4-8158-1BD4656C8D68}
	EndGlobalSection
EndGlobal
